
Microsoft Visual Studio Solution File, Format Version 12.00
# Visual Studio Version 16
VisualStudioVersion = 16.0.33214.272
MinimumVisualStudioVersion = 10.0.40219.1
Project("{FAE04EC0-301F-11D3-BF4B-00C04F79EFBC}") = "Switch_Harjoitus", "Switch_Harjoitus\Switch_Harjoitus.csproj", "{6BB6373C-D738-4FE4-9718-3FE585059006}"
EndProject
Global
	GlobalSection(SolutionConfigurationPlatforms) = preSolution
		Debug|Any CPU = Debug|Any CPU
		Release|Any CPU = Release|Any CPU
	EndGlobalSection
	GlobalSection(ProjectConfigurationPlatforms) = postSolution
		{6BB6373C-D738-4FE4-9718-3FE585059006}.Debug|Any CPU.ActiveCfg = Debug|Any CPU
		{6BB6373C-D738-4FE4-9718-3FE585059006}.Debug|Any CPU.Build.0 = Debug|Any CPU
		{6BB6373C-D738-4FE4-9718-3FE585059006}.Release|Any CPU.ActiveCfg = Release|Any CPU
		{6BB6373C-D738-4FE4-9718-3FE585059006}.Release|Any CPU.Build.0 = Release|Any CPU
	EndGlobalSection
	GlobalSection(SolutionProperties) = preSolution
		HideSolutionNode = FALSE
	EndGlobalSection
	GlobalSection(ExtensibilityGlobals) = postSolution
		SolutionGuid = {D59D0188-ACD7-4B19-800D-09D6EF44EE6F}
	EndGlobalSection
EndGlobal
